<?xml version="1.0" encoding="utf-8"?>
<Project ToolsVersion="4.0" xmlns="http://schemas.microsoft.com/developer/msbuild/2003">
  <ItemGroup>
    <Filter Include="Source Files">
      <UniqueIdentifier>{4FC737F1-C7A5-4376-A066-2A32D752A2FF}</UniqueIdentifier>
      <Extensions>cpp;c;cc;cxx;def;odl;idl;hpj;bat;asm;asmx</Extensions>
    </Filter>
    <Filter Include="Header Files">
      <UniqueIdentifier>{93995380-89BD-4b04-88EB-625FBE52EBFB}</UniqueIdentifier>
      <Extensions>h;hh;hpp;hxx;hm;inl;inc;xsd</Extensions>
    </Filter>
    <Filter Include="Resource Files">
      <UniqueIdentifier>{67DA6AB6-F800-4c08-8B7A-83BB121AAD01}</UniqueIdentifier>
      <Extensions>rc;ico;cur;bmp;dlg;rc2;rct;bin;rgs;gif;jpg;jpeg;jpe;resx;tiff;tif;png;wav;mfcribbon-ms</Extensions>
    </Filter>
  </ItemGroup>
  <ItemGroup>
    <ClCompile Include="..\..\libnsp\com\avltree.c">
      <Filter>Source Files</Filter>
    </ClCompile>
    <ClCompile Include="..\..\libnsp\com\logger.c">
      <Filter>Source Files</Filter>
    </ClCompile>
    <ClCompile Include="..\..\libnsp\com\object.c">
      <Filter>Source Files</Filter>
    </ClCompile>
    <ClCompile Include="..\..\libnsp\com\posix_ifos.c">
      <Filter>Source Files</Filter>
    </ClCompile>
    <ClCompile Include="..\..\libnsp\com\posix_naos.c">
      <Filter>Source Files</Filter>
    </ClCompile>
    <ClCompile Include="..\..\libnsp\com\posix_string.c">
      <Filter>Source Files</Filter>
    </ClCompile>
    <ClCompile Include="..\..\libnsp\com\posix_thread.c">
      <Filter>Source Files</Filter>
    </ClCompile>
    <ClCompile Include="..\..\libnsp\com\posix_time.c">
      <Filter>Source Files</Filter>
    </ClCompile>
    <ClCompile Include="..\..\libnsp\com\posix_wait.c">
      <Filter>Source Files</Filter>
    </ClCompile>
    <ClCompile Include="..\..\libnsp\com\hash.c">
      <Filter>Source Files</Filter>
    </ClCompile>
  </ItemGroup>
  <ItemGroup>
    <ClInclude Include="..\..\libnsp\icom\avltree.h">
      <Filter>Header Files</Filter>
    </ClInclude>
    <ClInclude Include="..\..\libnsp\icom\clist.h">
      <Filter>Header Files</Filter>
    </ClInclude>
    <ClInclude Include="..\..\libnsp\icom\compiler.h">
      <Filter>Header Files</Filter>
    </ClInclude>
    <ClInclude Include="..\..\libnsp\icom\logger.h">
      <Filter>Header Files</Filter>
    </ClInclude>
    <ClInclude Include="..\..\libnsp\icom\nis.h">
      <Filter>Header Files</Filter>
    </ClInclude>
    <ClInclude Include="..\..\libnsp\icom\nisdef.h">
      <Filter>Header Files</Filter>
    </ClInclude>
    <ClInclude Include="..\..\libnsp\icom\object.h">
      <Filter>Header Files</Filter>
    </ClInclude>
    <ClInclude Include="..\..\libnsp\icom\posix_atomic.h">
      <Filter>Header Files</Filter>
    </ClInclude>
    <ClInclude Include="..\..\libnsp\icom\posix_ifos.h">
      <Filter>Header Files</Filter>
    </ClInclude>
    <ClInclude Include="..\..\libnsp\icom\posix_naos.h">
      <Filter>Header Files</Filter>
    </ClInclude>
    <ClInclude Include="..\..\libnsp\icom\posix_string.h">
      <Filter>Header Files</Filter>
    </ClInclude>
    <ClInclude Include="..\..\libnsp\icom\posix_thread.h">
      <Filter>Header Files</Filter>
    </ClInclude>
    <ClInclude Include="..\..\libnsp\icom\posix_time.h">
      <Filter>Header Files</Filter>
    </ClInclude>
    <ClInclude Include="..\..\libnsp\icom\posix_wait.h">
      <Filter>Header Files</Filter>
    </ClInclude>
    <ClInclude Include="..\..\libnsp\icom\hash.h">
      <Filter>Header Files</Filter>
    </ClInclude>
  </ItemGroup>
</Project>